# THIS IS AN AUTOGENERATED FILE. DO NOT EDIT THIS FILE DIRECTLY.
# yarn lockfile v1


"@esbuild/aix-ppc64@0.24.2":
  version "0.24.2"
  resolved "https://registry.yarnpkg.com/@esbuild/aix-ppc64/-/aix-ppc64-0.24.2.tgz#38848d3e25afe842a7943643cbcd387cc6e13461"
  integrity sha512-thpVCb/rhxE/BnMLQ7GReQLLN8q9qbHmI55F4489/ByVg2aQaQ6kbcLb6FHkocZzQhxc4gx0sCk0tJkKBFzDhA==

"@esbuild/android-arm64@0.24.2":
  version "0.24.2"
  resolved "https://registry.yarnpkg.com/@esbuild/android-arm64/-/android-arm64-0.24.2.tgz#f592957ae8b5643129fa889c79e69cd8669bb894"
  integrity sha512-cNLgeqCqV8WxfcTIOeL4OAtSmL8JjcN6m09XIgro1Wi7cF4t/THaWEa7eL5CMoMBdjoHOTh/vwTO/o2TRXIyzg==

"@esbuild/android-arm@0.24.2":
  version "0.24.2"
  resolved "https://registry.yarnpkg.com/@esbuild/android-arm/-/android-arm-0.24.2.tgz#72d8a2063aa630308af486a7e5cbcd1e134335b3"
  integrity sha512-tmwl4hJkCfNHwFB3nBa8z1Uy3ypZpxqxfTQOcHX+xRByyYgunVbZ9MzUUfb0RxaHIMnbHagwAxuTL+tnNM+1/Q==

"@esbuild/android-x64@0.24.2":
  version "0.24.2"
  resolved "https://registry.yarnpkg.com/@esbuild/android-x64/-/android-x64-0.24.2.tgz#9a7713504d5f04792f33be9c197a882b2d88febb"
  integrity sha512-B6Q0YQDqMx9D7rvIcsXfmJfvUYLoP722bgfBlO5cGvNVb5V/+Y7nhBE3mHV9OpxBf4eAS2S68KZztiPaWq4XYw==

"@esbuild/darwin-arm64@0.24.2":
  version "0.24.2"
  resolved "https://registry.yarnpkg.com/@esbuild/darwin-arm64/-/darwin-arm64-0.24.2.tgz#02ae04ad8ebffd6e2ea096181b3366816b2b5936"
  integrity sha512-kj3AnYWc+CekmZnS5IPu9D+HWtUI49hbnyqk0FLEJDbzCIQt7hg7ucF1SQAilhtYpIujfaHr6O0UHlzzSPdOeA==

"@esbuild/darwin-x64@0.24.2":
  version "0.24.2"
  resolved "https://registry.yarnpkg.com/@esbuild/darwin-x64/-/darwin-x64-0.24.2.tgz#9ec312bc29c60e1b6cecadc82bd504d8adaa19e9"
  integrity sha512-WeSrmwwHaPkNR5H3yYfowhZcbriGqooyu3zI/3GGpF8AyUdsrrP0X6KumITGA9WOyiJavnGZUwPGvxvwfWPHIA==

"@esbuild/freebsd-arm64@0.24.2":
  version "0.24.2"
  resolved "https://registry.yarnpkg.com/@esbuild/freebsd-arm64/-/freebsd-arm64-0.24.2.tgz#5e82f44cb4906d6aebf24497d6a068cfc152fa00"
  integrity sha512-UN8HXjtJ0k/Mj6a9+5u6+2eZ2ERD7Edt1Q9IZiB5UZAIdPnVKDoG7mdTVGhHJIeEml60JteamR3qhsr1r8gXvg==

"@esbuild/freebsd-x64@0.24.2":
  version "0.24.2"
  resolved "https://registry.yarnpkg.com/@esbuild/freebsd-x64/-/freebsd-x64-0.24.2.tgz#3fb1ce92f276168b75074b4e51aa0d8141ecce7f"
  integrity sha512-TvW7wE/89PYW+IevEJXZ5sF6gJRDY/14hyIGFXdIucxCsbRmLUcjseQu1SyTko+2idmCw94TgyaEZi9HUSOe3Q==

"@esbuild/linux-arm64@0.24.2":
  version "0.24.2"
  resolved "https://registry.yarnpkg.com/@esbuild/linux-arm64/-/linux-arm64-0.24.2.tgz#856b632d79eb80aec0864381efd29de8fd0b1f43"
  integrity sha512-7HnAD6074BW43YvvUmE/35Id9/NB7BeX5EoNkK9obndmZBUk8xmJJeU7DwmUeN7tkysslb2eSl6CTrYz6oEMQg==

"@esbuild/linux-arm@0.24.2":
  version "0.24.2"
  resolved "https://registry.yarnpkg.com/@esbuild/linux-arm/-/linux-arm-0.24.2.tgz#c846b4694dc5a75d1444f52257ccc5659021b736"
  integrity sha512-n0WRM/gWIdU29J57hJyUdIsk0WarGd6To0s+Y+LwvlC55wt+GT/OgkwoXCXvIue1i1sSNWblHEig00GBWiJgfA==

"@esbuild/linux-ia32@0.24.2":
  version "0.24.2"
  resolved "https://registry.yarnpkg.com/@esbuild/linux-ia32/-/linux-ia32-0.24.2.tgz#f8a16615a78826ccbb6566fab9a9606cfd4a37d5"
  integrity sha512-sfv0tGPQhcZOgTKO3oBE9xpHuUqguHvSo4jl+wjnKwFpapx+vUDcawbwPNuBIAYdRAvIDBfZVvXprIj3HA+Ugw==

"@esbuild/linux-loong64@0.24.2":
  version "0.24.2"
  resolved "https://registry.yarnpkg.com/@esbuild/linux-loong64/-/linux-loong64-0.24.2.tgz#1c451538c765bf14913512c76ed8a351e18b09fc"
  integrity sha512-CN9AZr8kEndGooS35ntToZLTQLHEjtVB5n7dl8ZcTZMonJ7CCfStrYhrzF97eAecqVbVJ7APOEe18RPI4KLhwQ==

"@esbuild/linux-mips64el@0.24.2":
  version "0.24.2"
  resolved "https://registry.yarnpkg.com/@esbuild/linux-mips64el/-/linux-mips64el-0.24.2.tgz#0846edeefbc3d8d50645c51869cc64401d9239cb"
  integrity sha512-iMkk7qr/wl3exJATwkISxI7kTcmHKE+BlymIAbHO8xanq/TjHaaVThFF6ipWzPHryoFsesNQJPE/3wFJw4+huw==

"@esbuild/linux-ppc64@0.24.2":
  version "0.24.2"
  resolved "https://registry.yarnpkg.com/@esbuild/linux-ppc64/-/linux-ppc64-0.24.2.tgz#8e3fc54505671d193337a36dfd4c1a23b8a41412"
  integrity sha512-shsVrgCZ57Vr2L8mm39kO5PPIb+843FStGt7sGGoqiiWYconSxwTiuswC1VJZLCjNiMLAMh34jg4VSEQb+iEbw==

"@esbuild/linux-riscv64@0.24.2":
  version "0.24.2"
  resolved "https://registry.yarnpkg.com/@esbuild/linux-riscv64/-/linux-riscv64-0.24.2.tgz#6a1e92096d5e68f7bb10a0d64bb5b6d1daf9a694"
  integrity sha512-4eSFWnU9Hhd68fW16GD0TINewo1L6dRrB+oLNNbYyMUAeOD2yCK5KXGK1GH4qD/kT+bTEXjsyTCiJGHPZ3eM9Q==

"@esbuild/linux-s390x@0.24.2":
  version "0.24.2"
  resolved "https://registry.yarnpkg.com/@esbuild/linux-s390x/-/linux-s390x-0.24.2.tgz#ab18e56e66f7a3c49cb97d337cd0a6fea28a8577"
  integrity sha512-S0Bh0A53b0YHL2XEXC20bHLuGMOhFDO6GN4b3YjRLK//Ep3ql3erpNcPlEFed93hsQAjAQDNsvcK+hV90FubSw==

"@esbuild/linux-x64@0.24.2":
  version "0.24.2"
  resolved "https://registry.yarnpkg.com/@esbuild/linux-x64/-/linux-x64-0.24.2.tgz#8140c9b40da634d380b0b29c837a0b4267aff38f"
  integrity sha512-8Qi4nQcCTbLnK9WoMjdC9NiTG6/E38RNICU6sUNqK0QFxCYgoARqVqxdFmWkdonVsvGqWhmm7MO0jyTqLqwj0Q==

"@esbuild/netbsd-arm64@0.24.2":
  version "0.24.2"
  resolved "https://registry.yarnpkg.com/@esbuild/netbsd-arm64/-/netbsd-arm64-0.24.2.tgz#65f19161432bafb3981f5f20a7ff45abb2e708e6"
  integrity sha512-wuLK/VztRRpMt9zyHSazyCVdCXlpHkKm34WUyinD2lzK07FAHTq0KQvZZlXikNWkDGoT6x3TD51jKQ7gMVpopw==

"@esbuild/netbsd-x64@0.24.2":
  version "0.24.2"
  resolved "https://registry.yarnpkg.com/@esbuild/netbsd-x64/-/netbsd-x64-0.24.2.tgz#7a3a97d77abfd11765a72f1c6f9b18f5396bcc40"
  integrity sha512-VefFaQUc4FMmJuAxmIHgUmfNiLXY438XrL4GDNV1Y1H/RW3qow68xTwjZKfj/+Plp9NANmzbH5R40Meudu8mmw==

"@esbuild/openbsd-arm64@0.24.2":
  version "0.24.2"
  resolved "https://registry.yarnpkg.com/@esbuild/openbsd-arm64/-/openbsd-arm64-0.24.2.tgz#58b00238dd8f123bfff68d3acc53a6ee369af89f"
  integrity sha512-YQbi46SBct6iKnszhSvdluqDmxCJA+Pu280Av9WICNwQmMxV7nLRHZfjQzwbPs3jeWnuAhE9Jy0NrnJ12Oz+0A==

"@esbuild/openbsd-x64@0.24.2":
  version "0.24.2"
  resolved "https://registry.yarnpkg.com/@esbuild/openbsd-x64/-/openbsd-x64-0.24.2.tgz#0ac843fda0feb85a93e288842936c21a00a8a205"
  integrity sha512-+iDS6zpNM6EnJyWv0bMGLWSWeXGN/HTaF/LXHXHwejGsVi+ooqDfMCCTerNFxEkM3wYVcExkeGXNqshc9iMaOA==

"@esbuild/sunos-x64@0.24.2":
  version "0.24.2"
  resolved "https://registry.yarnpkg.com/@esbuild/sunos-x64/-/sunos-x64-0.24.2.tgz#8b7aa895e07828d36c422a4404cc2ecf27fb15c6"
  integrity sha512-hTdsW27jcktEvpwNHJU4ZwWFGkz2zRJUz8pvddmXPtXDzVKTTINmlmga3ZzwcuMpUvLw7JkLy9QLKyGpD2Yxig==

"@esbuild/win32-arm64@0.24.2":
  version "0.24.2"
  resolved "https://registry.yarnpkg.com/@esbuild/win32-arm64/-/win32-arm64-0.24.2.tgz#c023afb647cabf0c3ed13f0eddfc4f1d61c66a85"
  integrity sha512-LihEQ2BBKVFLOC9ZItT9iFprsE9tqjDjnbulhHoFxYQtQfai7qfluVODIYxt1PgdoyQkz23+01rzwNwYfutxUQ==

"@esbuild/win32-ia32@0.24.2":
  version "0.24.2"
  resolved "https://registry.yarnpkg.com/@esbuild/win32-ia32/-/win32-ia32-0.24.2.tgz#96c356132d2dda990098c8b8b951209c3cd743c2"
  integrity sha512-q+iGUwfs8tncmFC9pcnD5IvRHAzmbwQ3GPS5/ceCyHdjXubwQWI12MKWSNSMYLJMq23/IUCvJMS76PDqXe1fxA==

"@esbuild/win32-x64@0.24.2":
  version "0.24.2"
  resolved "https://registry.yarnpkg.com/@esbuild/win32-x64/-/win32-x64-0.24.2.tgz#34aa0b52d0fbb1a654b596acfa595f0c7b77a77b"
  integrity sha512-7VTgWzgMGvup6aSqDPLiW5zHaxYJGTO4OokMjIlrCtf+VpEL+cXKtCvg723iguPYI5oaUNdS+/V7OU2gvXVWEg==

"@pixi/colord@^2.9.6":
  version "2.9.6"
  resolved "https://registry.yarnpkg.com/@pixi/colord/-/colord-2.9.6.tgz#7e4e7851480da6fd3cef4e331f008d60be7e1204"
  integrity sha512-nezytU2pw587fQstUu1AsJZDVEynjskwOL+kibwcdxsMBFqPsFFNA7xl0ii/gXuDi6M0xj3mfRJj8pBSc2jCfA==

"@rollup/rollup-android-arm-eabi@4.34.1":
  version "4.34.1"
  resolved "https://registry.yarnpkg.com/@rollup/rollup-android-arm-eabi/-/rollup-android-arm-eabi-4.34.1.tgz#a09cb0718297a2f0cc7f9b4dfca4d08753ea5c9b"
  integrity sha512-kwctwVlswSEsr4ljpmxKrRKp1eG1v2NAhlzFzDf1x1OdYaMjBYjDCbHkzWm57ZXzTwqn8stMXgROrnMw8dJK3w==

"@rollup/rollup-android-arm64@4.34.1":
  version "4.34.1"
  resolved "https://registry.yarnpkg.com/@rollup/rollup-android-arm64/-/rollup-android-arm64-4.34.1.tgz#cbb3cad15748794b8dfec7f1e427e633f8f06d61"
  integrity sha512-4H5ZtZitBPlbPsTv6HBB8zh1g5d0T8TzCmpndQdqq20Ugle/nroOyDMf9p7f88Gsu8vBLU78/cuh8FYHZqdXxw==

"@rollup/rollup-darwin-arm64@4.34.1":
  version "4.34.1"
  resolved "https://registry.yarnpkg.com/@rollup/rollup-darwin-arm64/-/rollup-darwin-arm64-4.34.1.tgz#7f5127bca8892d0287a53fb17be9c7af32748234"
  integrity sha512-f2AJ7Qwx9z25hikXvg+asco8Sfuc5NCLg8rmqQBIOUoWys5sb/ZX9RkMZDPdnnDevXAMJA5AWLnRBmgdXGEUiA==

"@rollup/rollup-darwin-x64@4.34.1":
  version "4.34.1"
  resolved "https://registry.yarnpkg.com/@rollup/rollup-darwin-x64/-/rollup-darwin-x64-4.34.1.tgz#bbf8aa9fe655d75b5fb858b5bdbb1c790c36a3cd"
  integrity sha512-+/2JBrRfISCsWE4aEFXxd+7k9nWGXA8+wh7ZUHn/u8UDXOU9LN+QYKKhd57sIn6WRcorOnlqPMYFIwie/OHXWw==

"@rollup/rollup-freebsd-arm64@4.34.1":
  version "4.34.1"
  resolved "https://registry.yarnpkg.com/@rollup/rollup-freebsd-arm64/-/rollup-freebsd-arm64-4.34.1.tgz#43f75cb686a23fc0aef3ce6bfe44501bf934e412"
  integrity sha512-SUeB0pYjIXwT2vfAMQ7E4ERPq9VGRrPR7Z+S4AMssah5EHIilYqjWQoTn5dkDtuIJUSTs8H+C9dwoEcg3b0sCA==

"@rollup/rollup-freebsd-x64@4.34.1":
  version "4.34.1"
  resolved "https://registry.yarnpkg.com/@rollup/rollup-freebsd-x64/-/rollup-freebsd-x64-4.34.1.tgz#1d0377ef7a06bb3a6543bbbf18b6d65b55074802"
  integrity sha512-L3T66wAZiB/ooiPbxz0s6JEX6Sr2+HfgPSK+LMuZkaGZFAFCQAHiP3dbyqovYdNaiUXcl9TlgnIbcsIicAnOZg==

"@rollup/rollup-linux-arm-gnueabihf@4.34.1":
  version "4.34.1"
  resolved "https://registry.yarnpkg.com/@rollup/rollup-linux-arm-gnueabihf/-/rollup-linux-arm-gnueabihf-4.34.1.tgz#1ca88b1244678e74984efe89b1e39b9ae74671c7"
  integrity sha512-UBXdQ4+ATARuFgsFrQ+tAsKvBi/Hly99aSVdeCUiHV9dRTTpMU7OrM3WXGys1l40wKVNiOl0QYY6cZQJ2xhKlQ==

"@rollup/rollup-linux-arm-musleabihf@4.34.1":
  version "4.34.1"
  resolved "https://registry.yarnpkg.com/@rollup/rollup-linux-arm-musleabihf/-/rollup-linux-arm-musleabihf-4.34.1.tgz#33cdcac1befc32d7217b94b78c56fa5c194660cc"
  integrity sha512-m/yfZ25HGdcCSwmopEJm00GP7xAUyVcBPjttGLRAqZ60X/bB4Qn6gP7XTwCIU6bITeKmIhhwZ4AMh2XLro+4+w==

"@rollup/rollup-linux-arm64-gnu@4.34.1":
  version "4.34.1"
  resolved "https://registry.yarnpkg.com/@rollup/rollup-linux-arm64-gnu/-/rollup-linux-arm64-gnu-4.34.1.tgz#4de1e8ade39d0da1e981ab05f94a69f3de72725a"
  integrity sha512-Wy+cUmFuvziNL9qWRRzboNprqSQ/n38orbjRvd6byYWridp5TJ3CD+0+HUsbcWVSNz9bxkDUkyASGP0zS7GAvg==

"@rollup/rollup-linux-arm64-musl@4.34.1":
  version "4.34.1"
  resolved "https://registry.yarnpkg.com/@rollup/rollup-linux-arm64-musl/-/rollup-linux-arm64-musl-4.34.1.tgz#314f56ea347323d94107b8eb0dc6cb60ba4e0a35"
  integrity sha512-CQ3MAGgiFmQW5XJX5W3wnxOBxKwFlUAgSXFA2SwgVRjrIiVt5LHfcQLeNSHKq5OEZwv+VCBwlD1+YKCjDG8cpg==

"@rollup/rollup-linux-loongarch64-gnu@4.34.1":
  version "4.34.1"
  resolved "https://registry.yarnpkg.com/@rollup/rollup-linux-loongarch64-gnu/-/rollup-linux-loongarch64-gnu-4.34.1.tgz#64f7871f5718a086786485b9c4d22fd263a37b44"
  integrity sha512-rSzb1TsY4lSwH811cYC3OC2O2mzNMhM13vcnA7/0T6Mtreqr3/qs6WMDriMRs8yvHDI54qxHgOk8EV5YRAHFbw==

"@rollup/rollup-linux-powerpc64le-gnu@4.34.1":
  version "4.34.1"
  resolved "https://registry.yarnpkg.com/@rollup/rollup-linux-powerpc64le-gnu/-/rollup-linux-powerpc64le-gnu-4.34.1.tgz#ad5902358a0d91bda75b3cbd45d61d1f6698b6f5"
  integrity sha512-fwr0n6NS0pG3QxxlqVYpfiY64Fd1Dqd8Cecje4ILAV01ROMp4aEdCj5ssHjRY3UwU7RJmeWd5fi89DBqMaTawg==

"@rollup/rollup-linux-riscv64-gnu@4.34.1":
  version "4.34.1"
  resolved "https://registry.yarnpkg.com/@rollup/rollup-linux-riscv64-gnu/-/rollup-linux-riscv64-gnu-4.34.1.tgz#1d917841458ccc34dcc34be32ea0a4b33437370f"
  integrity sha512-4uJb9qz7+Z/yUp5RPxDGGGUcoh0PnKF33QyWgEZ3X/GocpWb6Mb+skDh59FEt5d8+Skxqs9mng6Swa6B2AmQZg==

"@rollup/rollup-linux-s390x-gnu@4.34.1":
  version "4.34.1"
  resolved "https://registry.yarnpkg.com/@rollup/rollup-linux-s390x-gnu/-/rollup-linux-s390x-gnu-4.34.1.tgz#0c224baa3e1823f2b7b0e45dfaf43a99a18e8248"
  integrity sha512-QlIo8ndocWBEnfmkYqj8vVtIUpIqJjfqKggjy7IdUncnt8BGixte1wDON7NJEvLg3Kzvqxtbo8tk+U1acYEBlw==

"@rollup/rollup-linux-x64-gnu@4.34.1":
  version "4.34.1"
  resolved "https://registry.yarnpkg.com/@rollup/rollup-linux-x64-gnu/-/rollup-linux-x64-gnu-4.34.1.tgz#f5fba18eda523cbe04f82cbf3e0685e461e71613"
  integrity sha512-hzpleiKtq14GWjz3ahWvJXgU1DQC9DteiwcsY4HgqUJUGxZThlL66MotdUEK9zEo0PK/2ADeZGM9LIondE302A==

"@rollup/rollup-linux-x64-musl@4.34.1":
  version "4.34.1"
  resolved "https://registry.yarnpkg.com/@rollup/rollup-linux-x64-musl/-/rollup-linux-x64-musl-4.34.1.tgz#7439d15ffe62ac0468ef2d539d4c39b4686e1276"
  integrity sha512-jqtKrO715hDlvUcEsPn55tZt2TEiBvBtCMkUuU0R6fO/WPT7lO9AONjPbd8II7/asSiNVQHCMn4OLGigSuxVQA==

"@rollup/rollup-win32-arm64-msvc@4.34.1":
  version "4.34.1"
  resolved "https://registry.yarnpkg.com/@rollup/rollup-win32-arm64-msvc/-/rollup-win32-arm64-msvc-4.34.1.tgz#125f09f40719ea7a02a76607428a0366ff9dca4d"
  integrity sha512-RnHy7yFf2Wz8Jj1+h8klB93N0NHNHXFhNwAmiy9zJdpY7DE01VbEVtPdrK1kkILeIbHGRJjvfBDBhnxBr8kD4g==

"@rollup/rollup-win32-ia32-msvc@4.34.1":
  version "4.34.1"
  resolved "https://registry.yarnpkg.com/@rollup/rollup-win32-ia32-msvc/-/rollup-win32-ia32-msvc-4.34.1.tgz#04e36410a55fa36278a627ed769a60576c882d1d"
  integrity sha512-i7aT5HdiZIcd7quhzvwQ2oAuX7zPYrYfkrd1QFfs28Po/i0q6kas/oRrzGlDhAEyug+1UfUtkWdmoVlLJj5x9Q==

"@rollup/rollup-win32-x64-msvc@4.34.1":
  version "4.34.1"
  resolved "https://registry.yarnpkg.com/@rollup/rollup-win32-x64-msvc/-/rollup-win32-x64-msvc-4.34.1.tgz#37cddc33f8cd961a615f5f854d2b1994c90fe547"
  integrity sha512-k3MVFD9Oq+laHkw2N2v7ILgoa9017ZMF/inTtHzyTVZjYs9cSH18sdyAf6spBAJIGwJ5UaC7et2ZH1WCdlhkMw==

"@types/css-font-loading-module@^0.0.12":
  version "0.0.12"
  resolved "https://registry.yarnpkg.com/@types/css-font-loading-module/-/css-font-loading-module-0.0.12.tgz#65494833928823f998fbe8e86312821875d80db5"
  integrity sha512-x2tZZYkSxXqWvTDgveSynfjq/T2HyiZHXb00j/+gy19yp70PHCizM48XFdjBCWH7eHBD0R5i/pw9yMBP/BH5uA==

"@types/earcut@^2.1.4":
  version "2.1.4"
  resolved "https://registry.yarnpkg.com/@types/earcut/-/earcut-2.1.4.tgz#5811d7d333048f5a7573b22ddc84923e69596da6"
  integrity sha512-qp3m9PPz4gULB9MhjGID7wpo3gJ4bTGXm7ltNDsmOvsPduTeHp8wSW9YckBj3mljeOh4F0m2z/0JKAALRKbmLQ==

"@types/estree@1.0.6":
  version "1.0.6"
  resolved "https://registry.yarnpkg.com/@types/estree/-/estree-1.0.6.tgz#628effeeae2064a1b4e79f78e81d87b7e5fc7b50"
  integrity sha512-AYnb1nQyY49te+VRAVgmzfcgjYS91mY5P0TKUDCLEM+gNnA+3T6rWITXRLYCpahpqSQbN5cE+gHpnPyXjHWxcw==

"@webgpu/types@^0.1.40":
  version "0.1.54"
  resolved "https://registry.yarnpkg.com/@webgpu/types/-/types-0.1.54.tgz#0e692514314d910da56f43e17f5fff9bbd153607"
  integrity sha512-81oaalC8LFrXjhsczomEQ0u3jG+TqE6V9QHLA8GNZq/Rnot0KDugu3LhSYSlie8tSdooAN1Hov05asrUUp9qgg==

"@xmldom/xmldom@^0.8.10":
  version "0.8.10"
  resolved "https://registry.yarnpkg.com/@xmldom/xmldom/-/xmldom-0.8.10.tgz#a1337ca426aa61cef9fe15b5b28e340a72f6fa99"
  integrity sha512-2WALfTl4xo2SkGCYRt6rDTFfk9R1czmBvUQy12gK2KuRKIpWEhcbbzy8EZXtz/jkRqHX8bFEc6FC1HjX4TUWYw==

earcut@^2.2.4:
  version "2.2.4"
  resolved "https://registry.yarnpkg.com/earcut/-/earcut-2.2.4.tgz#6d02fd4d68160c114825d06890a92ecaae60343a"
  integrity sha512-/pjZsA1b4RPHbeWZQn66SWS8nZZWLQQ23oE3Eam7aroEFGEvwKAsJfZ9ytiEMycfzXWpca4FA9QIOehf7PocBQ==

esbuild@^0.24.2:
  version "0.24.2"
  resolved "https://registry.yarnpkg.com/esbuild/-/esbuild-0.24.2.tgz#b5b55bee7de017bff5fb8a4e3e44f2ebe2c3567d"
  integrity sha512-+9egpBW8I3CD5XPe0n6BfT5fxLzxrlDzqydF3aviG+9ni1lDC/OvMHcxqEFV0+LANZG5R1bFMWfUrjVsdwxJvA==
  optionalDependencies:
    "@esbuild/aix-ppc64" "0.24.2"
    "@esbuild/android-arm" "0.24.2"
    "@esbuild/android-arm64" "0.24.2"
    "@esbuild/android-x64" "0.24.2"
    "@esbuild/darwin-arm64" "0.24.2"
    "@esbuild/darwin-x64" "0.24.2"
    "@esbuild/freebsd-arm64" "0.24.2"
    "@esbuild/freebsd-x64" "0.24.2"
    "@esbuild/linux-arm" "0.24.2"
    "@esbuild/linux-arm64" "0.24.2"
    "@esbuild/linux-ia32" "0.24.2"
    "@esbuild/linux-loong64" "0.24.2"
    "@esbuild/linux-mips64el" "0.24.2"
    "@esbuild/linux-ppc64" "0.24.2"
    "@esbuild/linux-riscv64" "0.24.2"
    "@esbuild/linux-s390x" "0.24.2"
    "@esbuild/linux-x64" "0.24.2"
    "@esbuild/netbsd-arm64" "0.24.2"
    "@esbuild/netbsd-x64" "0.24.2"
    "@esbuild/openbsd-arm64" "0.24.2"
    "@esbuild/openbsd-x64" "0.24.2"
    "@esbuild/sunos-x64" "0.24.2"
    "@esbuild/win32-arm64" "0.24.2"
    "@esbuild/win32-ia32" "0.24.2"
    "@esbuild/win32-x64" "0.24.2"

eventemitter3@^5.0.1:
  version "5.0.1"
  resolved "https://registry.yarnpkg.com/eventemitter3/-/eventemitter3-5.0.1.tgz#53f5ffd0a492ac800721bb42c66b841de96423c4"
  integrity sha512-GWkBvjiSZK87ELrYOSESUYeVIc9mvLLf/nXalMOS5dYrgZq9o5OVkbZAVM06CVxYsCwH9BDZFPlQTlPA1j4ahA==

fsevents@~2.3.2, fsevents@~2.3.3:
  version "2.3.3"
  resolved "https://registry.yarnpkg.com/fsevents/-/fsevents-2.3.3.tgz#cac6407785d03675a2a5e1a5305c697b347d90d6"
  integrity sha512-5xoDfX+fL7faATnagmWPpbFtwh/R77WmMMqqHGS65C3vvB0YHrgF+B1YmZ3441tMj5n63k0212XNoJwzlhffQw==

ismobilejs@^1.1.1:
  version "1.1.1"
  resolved "https://registry.yarnpkg.com/ismobilejs/-/ismobilejs-1.1.1.tgz#c56ca0ae8e52b24ca0f22ba5ef3215a2ddbbaa0e"
  integrity sha512-VaFW53yt8QO61k2WJui0dHf4SlL8lxBofUuUmwBo0ljPk0Drz2TiuDW4jo3wDcv41qy/SxrJ+VAzJ/qYqsmzRw==

nanoid@^3.3.8:
  version "3.3.8"
  resolved "https://registry.yarnpkg.com/nanoid/-/nanoid-3.3.8.tgz#b1be3030bee36aaff18bacb375e5cce521684baf"
  integrity sha512-WNLf5Sd8oZxOm+TzppcYk8gVOgP+l58xNy58D0nbUnOxOWRWvlcCV4kUF7ltmI6PsrLl/BgKEyS4mqsGChFN0w==

parse-svg-path@^0.1.2:
  version "0.1.2"
  resolved "https://registry.yarnpkg.com/parse-svg-path/-/parse-svg-path-0.1.2.tgz#7a7ec0d1eb06fa5325c7d3e009b859a09b5d49eb"
  integrity sha512-JyPSBnkTJ0AI8GGJLfMXvKq42cj5c006fnLz6fXy6zfoVjJizi8BNTpu8on8ziI1cKy9d9DGNuY17Ce7wuejpQ==

picocolors@^1.1.1:
  version "1.1.1"
  resolved "https://registry.yarnpkg.com/picocolors/-/picocolors-1.1.1.tgz#3d321af3eab939b083c8f929a1d12cda81c26b6b"
  integrity sha512-xceH2snhtb5M9liqDsmEw56le376mTZkEX/jEb/RxNFyegNul7eNslCXP9FDj/Lcu0X8KEyMceP2ntpaHrDEVA==

pixi.js@^8.7.3:
  version "8.7.3"
  resolved "https://registry.yarnpkg.com/pixi.js/-/pixi.js-8.7.3.tgz#d10f160b8c77b21bc943d7e428c113195df49ade"
  integrity sha512-wfWlhJYnGx1s4f2yoouevQjaeacbJ12LTkJGa+n9AIYNIjOnmJylBtZ2mARX7iFk3mr2xv0wuo//XPe2hk5OBw==
  dependencies:
    "@pixi/colord" "^2.9.6"
    "@types/css-font-loading-module" "^0.0.12"
    "@types/earcut" "^2.1.4"
    "@webgpu/types" "^0.1.40"
    "@xmldom/xmldom" "^0.8.10"
    earcut "^2.2.4"
    eventemitter3 "^5.0.1"
    ismobilejs "^1.1.1"
    parse-svg-path "^0.1.2"

postcss@^8.4.49:
  version "8.5.1"
  resolved "https://registry.yarnpkg.com/postcss/-/postcss-8.5.1.tgz#e2272a1f8a807fafa413218245630b5db10a3214"
  integrity sha512-6oz2beyjc5VMn/KV1pPw8fliQkhBXrVn1Z3TVyqZxU8kZpzEKhBdmCFqI6ZbmGtamQvQGuU1sgPTk8ZrXDD7jQ==
  dependencies:
    nanoid "^3.3.8"
    picocolors "^1.1.1"
    source-map-js "^1.2.1"

rollup@^4.23.0:
  version "4.34.1"
  resolved "https://registry.yarnpkg.com/rollup/-/rollup-4.34.1.tgz#dcc318abee12e23dae4003af733c1987d7baca8e"
  integrity sha512-iYZ/+PcdLYSGfH3S+dGahlW/RWmsqDhLgj1BT9DH/xXJ0ggZN7xkdP9wipPNjjNLczI+fmMLmTB9pye+d2r4GQ==
  dependencies:
    "@types/estree" "1.0.6"
  optionalDependencies:
    "@rollup/rollup-android-arm-eabi" "4.34.1"
    "@rollup/rollup-android-arm64" "4.34.1"
    "@rollup/rollup-darwin-arm64" "4.34.1"
    "@rollup/rollup-darwin-x64" "4.34.1"
    "@rollup/rollup-freebsd-arm64" "4.34.1"
    "@rollup/rollup-freebsd-x64" "4.34.1"
    "@rollup/rollup-linux-arm-gnueabihf" "4.34.1"
    "@rollup/rollup-linux-arm-musleabihf" "4.34.1"
    "@rollup/rollup-linux-arm64-gnu" "4.34.1"
    "@rollup/rollup-linux-arm64-musl" "4.34.1"
    "@rollup/rollup-linux-loongarch64-gnu" "4.34.1"
    "@rollup/rollup-linux-powerpc64le-gnu" "4.34.1"
    "@rollup/rollup-linux-riscv64-gnu" "4.34.1"
    "@rollup/rollup-linux-s390x-gnu" "4.34.1"
    "@rollup/rollup-linux-x64-gnu" "4.34.1"
    "@rollup/rollup-linux-x64-musl" "4.34.1"
    "@rollup/rollup-win32-arm64-msvc" "4.34.1"
    "@rollup/rollup-win32-ia32-msvc" "4.34.1"
    "@rollup/rollup-win32-x64-msvc" "4.34.1"
    fsevents "~2.3.2"

source-map-js@^1.2.1:
  version "1.2.1"
  resolved "https://registry.yarnpkg.com/source-map-js/-/source-map-js-1.2.1.tgz#1ce5650fddd87abc099eda37dcff024c2667ae46"
  integrity sha512-UXWMKhLOwVKb728IUtQPXxfYU+usdybtUrK/8uGE8CQMvrhOpwvzDBwj0QhSL7MQc7vIsISBG8VQ8+IDQxpfQA==

typescript@~5.6.2:
  version "5.6.3"
  resolved "https://registry.yarnpkg.com/typescript/-/typescript-5.6.3.tgz#5f3449e31c9d94febb17de03cc081dd56d81db5b"
  integrity sha512-hjcS1mhfuyi4WW8IWtjP7brDrG2cuDZukyrYrSauoXGNgx0S7zceP07adYkJycEr56BOUTNPzbInooiN3fn1qw==

vite@^6.0.5:
  version "6.0.11"
  resolved "https://registry.yarnpkg.com/vite/-/vite-6.0.11.tgz#224497e93e940b34c3357c9ebf2ec20803091ed8"
  integrity sha512-4VL9mQPKoHy4+FE0NnRE/kbY51TOfaknxAjt3fJbGJxhIpBZiqVzlZDEesWWsuREXHwNdAoOFZ9MkPEVXczHwg==
  dependencies:
    esbuild "^0.24.2"
    postcss "^8.4.49"
    rollup "^4.23.0"
  optionalDependencies:
    fsevents "~2.3.3"
